
Microsoft Visual Studio Solution File, Format Version 12.00
# Visual Studio Version 16
VisualStudioVersion = 16.0.31005.135
MinimumVisualStudioVersion = 10.0.40219.1
Project("{FAE04EC0-301F-11D3-BF4B-00C04F79EFBC}") = "PresentationLayer", "PresentationLayer\PresentationLayer.csproj", "{FF4C7B08-4F69-414F-A6CF-EBF2566B1775}"
EndProject
Project("{FAE04EC0-301F-11D3-BF4B-00C04F79EFBC}") = "DataLayer", "DataLayer\DataLayer.csproj", "{6415114E-2BD5-49B9-82BA-11DB95D2C294}"
EndProject
Global
	GlobalSection(SolutionConfigurationPlatforms) = preSolution
		Debug|Any CPU = Debug|Any CPU
		Release|Any CPU = Release|Any CPU
	EndGlobalSection
	GlobalSection(ProjectConfigurationPlatforms) = postSolution
		{FF4C7B08-4F69-414F-A6CF-EBF2566B1775}.Debug|Any CPU.ActiveCfg = Debug|Any CPU
		{FF4C7B08-4F69-414F-A6CF-EBF2566B1775}.Debug|Any CPU.Build.0 = Debug|Any CPU
		{FF4C7B08-4F69-414F-A6CF-EBF2566B1775}.Release|Any CPU.ActiveCfg = Release|Any CPU
		{FF4C7B08-4F69-414F-A6CF-EBF2566B1775}.Release|Any CPU.Build.0 = Release|Any CPU
		{6415114E-2BD5-49B9-82BA-11DB95D2C294}.Debug|Any CPU.ActiveCfg = Debug|Any CPU
		{6415114E-2BD5-49B9-82BA-11DB95D2C294}.Debug|Any CPU.Build.0 = Debug|Any CPU
		{6415114E-2BD5-49B9-82BA-11DB95D2C294}.Release|Any CPU.ActiveCfg = Release|Any CPU
		{6415114E-2BD5-49B9-82BA-11DB95D2C294}.Release|Any CPU.Build.0 = Release|Any CPU
	EndGlobalSection
	GlobalSection(SolutionProperties) = preSolution
		HideSolutionNode = FALSE
	EndGlobalSection
	GlobalSection(ExtensibilityGlobals) = postSolution
		SolutionGuid = {45F0A3DE-27B7-45DA-87EF-5CF94F3B5C84}
	EndGlobalSection
EndGlobal
